<?xml version="1.0" encoding="utf-8"?>
<Project ToolsVersion="4.0" xmlns="http://schemas.microsoft.com/developer/msbuild/2003">
  <ItemGroup>
    <FxCompile Include="Engine\Assets\Shaders\SDFDepth.ps.hlsl" />
  </ItemGroup>
  <ItemGroup>
    <ClCompile Include="Source\AI\FiniteStateMachine.cpp" />
    <ClCompile Include="Source\Gameplay\Custimization\Base\BaseLoadoutBehavior.cpp" />
    <ClCompile Include="Source\Gameplay\States\GM_PlayingState.cpp" />
    <ClCompile Include="Source\Gameplay\States\GM_LoadoutState.cpp" />
    <ClCompile Include="Source\General\GameplayTimer.cpp" />
    <ClCompile Include="Source\Humanoids\Enemies\AutoMoveMonster.cpp" />
    <ClCompile Include="Source\General\Managers\WeaponManager.cpp" />
    <ClCompile Include="Source\Humanoids\Enemies\LongNeckMonster.cpp" />
    <ClCompile Include="Source\Humanoids\Enemies\UmbrellaMonster.cpp" />
    <ClCompile Include="Source\Humanoids\Players\Player.cpp" />
    <ClCompile Include="Source\Humanoids\States\Hum_DashState.cpp" />
    <ClCompile Include="Source\Humanoids\States\Hum_IdleState.cpp" />
    <ClCompile Include="Source\Humanoids\States\Mon_MeleeAttackState.cpp" />
    <ClCompile Include="Source\Humanoids\States\Hum_MoveState.cpp" />
    <ClCompile Include="Source\Humanoids\States\Mon_IdleState.cpp" />
    <ClCompile Include="Source\Humanoids\States\Mon_MoveState.cpp" />
    <ClCompile Include="Source\Pickups\WeaponPickup.cpp" />
    <ClCompile Include="Source\Prefabs\AimPrefab.cpp" />
    <ClCompile Include="Source\Prefabs\BoxPrefab.cpp" />
    <ClCompile Include="Source\Prefabs\DoorPrefab.cpp" />
    <ClCompile Include="Source\General\FlashBehavior.cpp" />
    <ClCompile Include="Source\General\Managers\GameManager.cpp" />
    <ClCompile Include="Source\Prefabs\KeyPrefab.cpp" />
    <ClCompile Include="Source\General\Managers\GameStateManager.cpp" />
    <ClCompile Include="Source\Prefabs\StaticRendererPrefab.cpp" />
    <ClCompile Include="Source\Prefabs\TestDummy.cpp" />
    <ClCompile Include="Source\UI\HealthComponent.cpp" />
    <ClCompile Include="Source\UI\Loadout.cpp" />
    <ClCompile Include="Source\UI\States\MenuState.cpp" />
    <ClCompile Include="Source\Humanoids\Enemies\HordeMonster.cpp" />
    <ClCompile Include="Source\Humanoids\Humanoid.cpp" />
    <ClCompile Include="Source\Humanoids\Enemies\Monster.cpp" />
    <ClCompile Include="Source\Humanoids\Enemies\RangeMonster.cpp" />
    <ClCompile Include="Source\main.cpp" />
    <ClCompile Include="Source\Pickups\GenericPickup.cpp" />
    <ClCompile Include="Source\Pickups\Ammo.cpp" />
    <ClCompile Include="Source\General\CameraMultiplayer.cpp" />
    <ClCompile Include="Source\Weapons\EnemyBullet.cpp" />
    <ClCompile Include="Source\Weapons\Projectile.cpp" />
    <ClCompile Include="Source\Weapons\Bullet.cpp" />
    <ClCompile Include="Source\Pickups\Bomb.cpp" />
    <ClCompile Include="Source\Pickups\BombPickup.cpp" />
    <ClCompile Include="Source\Pickups\BuildBlock.cpp" />
    <ClCompile Include="Source\Pickups\BuildPickup.cpp" />
    <ClCompile Include="Source\Pickups\Duplicator.cpp" />
    <ClCompile Include="Source\Pickups\FreezePickup.cpp" />
    <ClCompile Include="Source\Pickups\HealthPack.cpp" />
    <ClCompile Include="Source\Pickups\TriWeaponPickup.cpp" />
    <ClCompile Include="Source\Weapons\Weapon.cpp" />
    <ClCompile Include="Source\TestWorld.cpp" />
    <ClCompile Include="Source\user_malloc.cpp" />
    <ClCompile Include="Source\user_new.cpp" />
    <ClCompile Include="Source\VoxApp.cpp" />
    <ClCompile Include="Source\General\OpenLevelTrigger.cpp" />
    <ClCompile Include="Source\UI\DashCooldownComponent.cpp" />
    <ClCompile Include="Source\Humanoids\Enemies\SpiderMonster.cpp" />
    <ClCompile Include="Source\Humanoids\ParticleCorpse.cpp" />
    <ClCompile Include="Source\Humanoids\States\Mon_RangeAttackState.cpp" />
    <ClCompile Include="Source\Humanoids\Enemies\OgreMonster.cpp" />
    <ClCompile Include="Source\UI\MainMenu\MainMenuManagerComponent.cpp" />
    <ClCompile Include="Source\UI\MainMenu\StartToJoinPlayerComponent.cpp" />
    <ClCompile Include="Source\UI\WorldSwitch.cpp" />
    <ClCompile Include="Source\UI\HealthUI.cpp" />
    <ClCompile Include="Source\UI\LevelSelect\LevelSelectCanvas.cpp" />
    <ClCompile Include="Source\UI\OnBoarderUI.cpp" />
    <ClCompile Include="Source\UI\PausedScreen\PauseScreenHandler.cpp" />
    <ClCompile Include="Source\UI\ComboUI.cpp" />
    <ClCompile Include="Source\Gameplay\Wall\BoundingWall.cpp" />
    <ClCompile Include="Source\General\BGMTrigger.cpp" />
    <ClCompile Include="Source\Humanoids\States\Hum_ThrowState.cpp" />
    <ClCompile Include="Source\UI\CanvasSwitch.cpp" />
    <ClCompile Include="Source\UI\ComboSliderUI.cpp" />
    <ClCompile Include="Source\UI\Spinner.cpp" />
    <ClCompile Include="Source\UI\SplashScreen\SplashScreenHandler.cpp" />
    <ClCompile Include="Source\Prefabs\PortalPrefab.cpp" />
    <ClCompile Include="Source\AI\Spawner\SpawnerManager.cpp" />
    <ClCompile Include="Source\AI\Spawner\Spawner.cpp" />
    <ClCompile Include="Source\General\ExplosionTrigger.cpp" />
    <ClCompile Include="Source\Prefabs\RecallPrefab.cpp" />
    <ClCompile Include="Source\UI\ComboIcon.cpp" />
    <ClCompile Include="Source\General\KillTrigger.cpp" />
    <ClCompile Include="Source\Humanoids\Enemies\RandomMonster.cpp" />
    <ClCompile Include="Source\UI\HighScoreUI.cpp" />
    <ClCompile Include="Source\UI\HighScoreShowUI.cpp" />
  </ItemGroup>
  <ItemGroup>
    <ClInclude Include="Source\AI\IFiniteManager.h" />
    <ClInclude Include="Source\AI\States\FSMState.h" />
    <ClInclude Include="Source\AI\FiniteStateMachine.h" />
    <ClInclude Include="Source\Gameplay\BaseLoadoutBehavior.h" />
    <ClInclude Include="Source\Gameplay\Custimization\BaseActived.h" />
    <ClInclude Include="Source\Gameplay\Custimization\Base\BaseActived.h" />
    <ClInclude Include="Source\Gameplay\Custimization\Base\BaseLoadoutBehavior.h" />
    <ClInclude Include="Source\Gameplay\Custimization\Base\BaseMovement.h" />
    <ClInclude Include="Source\Gameplay\Custimization\Base\BasePassive.h" />
    <ClInclude Include="Source\Gameplay\States\GM_PlayingState.h" />
    <ClInclude Include="Source\Gameplay\States\GM_LoadoutState.h" />
    <ClInclude Include="Source\General\GameplayTimer.h" />
    <ClInclude Include="Source\Humanoids\Enemies\AutoMoveMonster.h" />
    <ClInclude Include="Source\General\Managers\WeaponManager.h" />
    <ClInclude Include="Source\Humanoids\Enemies\UmbrellaMonster.h" />
    <ClInclude Include="Source\Humanoids\Enemies\LongNeckMonster.h" />
    <ClInclude Include="Source\Humanoids\Players\Player.h" />
    <ClInclude Include="Source\Humanoids\States\Hum_DashState.h" />
    <ClInclude Include="Source\Humanoids\States\Hum_IdleState.h" />
    <ClInclude Include="Source\Humanoids\States\Mon_MeleeAttackState.h" />
    <ClInclude Include="Source\Humanoids\States\Hum_MoveState.h" />
    <ClInclude Include="Source\Humanoids\States\Mon_IdleState.h" />
    <ClInclude Include="Source\Humanoids\States\Mon_MoveState.h" />
    <ClInclude Include="Source\Pickups\WeaponPickup.h" />
    <ClInclude Include="Source\Prefabs\AimPrefab.h" />
    <ClInclude Include="Source\Prefabs\BoxPrefab.h" />
    <ClInclude Include="Source\Prefabs\DoorPrefab.h" />
    <ClInclude Include="Source\General\FlashBehavior.h" />
    <ClInclude Include="Source\General\Managers\GameManager.h" />
    <ClInclude Include="Source\Prefabs\KeyPrefab.h" />
    <ClInclude Include="Source\General\Managers\GameStateManager.h" />
    <ClInclude Include="Source\Prefabs\StaticRendererPrefab.h" />
    <ClInclude Include="Source\Prefabs\TestDummy.h" />
    <ClInclude Include="Source\UI\HealthComponent.h" />
    <ClInclude Include="Source\UI\Loadout.h" />
    <ClInclude Include="Source\UI\States\MenuState.h" />
    <ClInclude Include="Source\Humanoids\Enemies\HordeMonster.h" />
    <ClInclude Include="Source\Humanoids\Humanoid.h" />
    <ClInclude Include="Source\Humanoids\Enemies\Monster.h" />
    <ClInclude Include="Source\Humanoids\Enemies\RangeMonster.h" />
    <ClInclude Include="Source\General\CameraMultiplayer.h" />
    <ClInclude Include="Source\General\Managers\PoolManager.h" />
    <ClInclude Include="Source\Pickups\Ammo.h" />
    <ClInclude Include="Source\Weapons\EnemyBullet.h" />
    <ClInclude Include="Source\Weapons\Projectile.h" />
    <ClInclude Include="Source\Weapons\Bullet.h" />
    <ClInclude Include="Source\Pickups\Bomb.h" />
    <ClInclude Include="Source\Pickups\BombPickup.h" />
    <ClInclude Include="Source\Pickups\BuildBlock.h" />
    <ClInclude Include="Source\Pickups\BuildPickup.h" />
    <ClInclude Include="Source\Pickups\Duplicator.h" />
    <ClInclude Include="Source\Pickups\FreezePickup.h" />
    <ClInclude Include="Source\Pickups\GenericPickup.h" />
    <ClInclude Include="Source\Pickups\HealthPack.h" />
    <ClInclude Include="Source\Pickups\TriWeaponPickup.h" />
    <ClInclude Include="Source\Weapons\Weapon.h" />
    <ClInclude Include="Source\PowerUps\SimpleWeapon.h" />
    <ClInclude Include="Source\PowerUps\TriShot.h" />
    <ClInclude Include="Source\TestWorld.h" />
    <ClInclude Include="Source\VoxApp.h" />
    <ClInclude Include="Source\General\OpenLevelTrigger.h" />
    <ClInclude Include="Source\UI\DashCooldownComponent.h" />
    <ClInclude Include="Source\Humanoids\Enemies\SpiderMonster.h" />
    <ClInclude Include="Source\Humanoids\ParticleCorpse.h" />
    <ClInclude Include="Source\Humanoids\States\Mon_RangeAttackState.h" />
    <ClInclude Include="Source\Humanoids\Enemies\OgreMonster.h" />
    <ClInclude Include="Source\UI\MainMenu\MainMenuManagerComponent.h" />
    <ClInclude Include="Source\UI\MainMenu\StartToJoinPlayerComponent.h" />
    <ClInclude Include="Source\UI\WorldSwitch.h" />
    <ClInclude Include="Source\UI\HealthUI.h" />
    <ClInclude Include="Source\UI\LevelSelect\LevelSelectCanvas.h" />
    <ClInclude Include="Source\UI\OnBoarderUI.h" />
    <ClInclude Include="Source\UI\PausedScreen\PauseScreenHandler.h" />
    <ClInclude Include="Source\UI\ComboUI.h" />
    <ClInclude Include="Source\Gameplay\Wall\BoundingWall.h" />
    <ClInclude Include="Source\General\BGMTrigger.h" />
    <ClInclude Include="Source\Humanoids\States\Hum_ThrowState.h" />
    <ClInclude Include="Source\UI\CanvasSwitch.h" />
    <ClInclude Include="Source\UI\ComboSliderUI.h" />
    <ClInclude Include="Source\UI\Spinner.h" />
    <ClInclude Include="Source\UI\SplashScreen\SplashScreenHandler.h" />
    <ClInclude Include="Source\Prefabs\PortalPrefab.h" />
    <ClInclude Include="Source\AI\Spawner\SpawnerManager.h" />
    <ClInclude Include="Source\AI\Spawner\Spawner.h" />
    <ClInclude Include="Source\General\ExplosionTrigger.h" />
    <ClInclude Include="resource.h" />
    <ClInclude Include="Source\Prefabs\RecallPrefab.h" />
    <ClInclude Include="Source\UI\ComboIcon.h" />
    <ClInclude Include="Source\General\KillTrigger.h" />
    <ClInclude Include="Source\Humanoids\Enemies\RandomMonster.h" />
    <ClInclude Include="Source\UI\HighScoreUI.h" />
    <ClInclude Include="Source\UI\HighScoreShowUI.h" />
  </ItemGroup>
  <ItemGroup>
    <CopyFileToFolders Include="..\Voxagine\fmod64.dll" />
    <CopyFileToFolders Include="..\Voxagine\fmodL64.dll" />
    <CopyFileToFolders Include="..\Voxagine\libEGL.dll" />
    <CopyFileToFolders Include="..\Voxagine\libGLESv2.dll" />
    <CopyFileToFolders Include="..\Voxagine\rttr_core.dll" />
    <CopyFileToFolders Include="..\Voxagine\rttr_core_d.dll" />
  </ItemGroup>
  <ItemGroup>
    <ResourceCompile Include="Game.rc" />
  </ItemGroup>
  <ItemGroup>
    <Image Include="Content\UI_Art\GameIcon.ico" />
  </ItemGroup>
</Project>