<?xml version="1.0" encoding="utf-8"?>
<Project ToolsVersion="4.0" xmlns="http://schemas.microsoft.com/developer/msbuild/2003">
  <ItemGroup>
    <ClCompile Include="Source\Core\Application.cpp" />
    <ClCompile Include="Source\Core\ECS\Component.cpp" />
    <ClCompile Include="Source\Core\ECS\ComponentSystem.cpp" />
    <ClCompile Include="Source\Core\ECS\Components\AudioSource.cpp" />
    <ClCompile Include="Source\Core\ECS\Components\BehaviorScript.cpp" />
    <ClCompile Include="Source\Core\ECS\Components\BoxCollider.cpp" />
    <ClCompile Include="Source\Core\ECS\Components\ChunkViewer.cpp" />
    <ClCompile Include="Source\Core\ECS\Components\Collider.cpp" />
    <ClCompile Include="Source\Core\ECS\Components\InputHandler.cpp" />
    <ClCompile Include="Source\Core\ECS\Components\Particles\Emitters\BoxEmitter.cpp" />
    <ClCompile Include="Source\Core\ECS\Components\Particles\Emitters\VoxFrameEmitter.cpp" />
    <ClCompile Include="Source\Core\ECS\Components\Particles\Modules\AttractorModule.cpp" />
    <ClCompile Include="Source\Core\ECS\Components\Particles\Modules\BasicTimerModule.cpp" />
    <ClCompile Include="Source\Core\ECS\Components\Particles\Modules\CollisionModule.cpp" />
    <ClCompile Include="Source\Core\ECS\Components\Particles\ParticleEmitter.cpp" />
    <ClCompile Include="Source\Core\ECS\Components\Particles\ParticlePool.cpp" />
    <ClCompile Include="Source\Core\ECS\Components\Particles\ParticleSystem.cpp" />
    <ClCompile Include="Source\Core\ECS\Components\PhysicsBody.cpp" />
    <ClCompile Include="Source\Core\ECS\Components\SpriteRenderer.cpp" />
    <ClCompile Include="Source\Core\ECS\Components\TextRenderer.cpp" />
    <ClCompile Include="Source\Core\ECS\Components\Transform.cpp" />
    <ClCompile Include="Source\Core\ECS\Components\UI\UIButton.cpp" />
    <ClCompile Include="Source\Core\ECS\Components\VoxAnimator.cpp" />
    <ClCompile Include="Source\Core\ECS\Components\VoxRenderer.cpp" />
    <ClCompile Include="Source\Core\ECS\Entities\Camera.cpp" />
    <ClCompile Include="Source\Core\ECS\Entities\UI\Canvas.cpp" />
    <ClCompile Include="Source\Core\ECS\Entities\ViewPoint.cpp" />
    <ClCompile Include="Source\Core\ECS\Entity.cpp" />
    <ClCompile Include="Source\Core\ECS\Systems\AudioSystem.cpp" />
    <ClCompile Include="Source\Core\ECS\Systems\Chunk\Chunk.cpp" />
    <ClCompile Include="Source\Core\ECS\Systems\Chunk\ChunkSystem.cpp" />
    <ClCompile Include="Source\Core\ECS\Systems\Pathfinding\Grid\PathfindingChunk.cpp" />
    <ClCompile Include="Source\Core\ECS\Systems\Pathfinding\Grid\PathfindingChunkGrid.cpp" />
    <ClCompile Include="Source\Core\ECS\Systems\Pathfinding\Grid\PathfindingNode.cpp" />
    <ClCompile Include="Source\Core\ECS\Systems\Pathfinding\Grid\PathfindingObstacle.cpp" />
    <ClCompile Include="Source\Core\ECS\Systems\Pathfinding\Jobs\ChunkBuilderJob.cpp" />
    <ClCompile Include="Source\Core\ECS\Systems\Pathfinding\Navigation\ContinuumCrowdsGroup.cpp" />
    <ClCompile Include="Source\Core\ECS\Systems\Pathfinding\Navigation\Pathfinder.cpp" />
    <ClCompile Include="Source\Core\ECS\Systems\Pathfinding\Navigation\PathfinderGoal.cpp" />
    <ClCompile Include="Source\Core\ECS\Systems\Pathfinding\Navigation\PathfinderGroup.cpp" />
    <ClCompile Include="Source\Core\ECS\Systems\Physics\Box.cpp" />
    <ClCompile Include="Source\Core\ECS\Systems\Physics\IntegrityJob.cpp" />
    <ClCompile Include="Source\Core\ECS\Systems\Physics\ParticleLinkedList.cpp" />
    <ClCompile Include="Source\Core\ECS\Systems\Physics\PhysicsSystem.cpp" />
    <ClCompile Include="Source\Core\ECS\Systems\Physics\Sphere.cpp" />
    <ClCompile Include="Source\Core\ECS\Systems\Physics\VoxelGrid.cpp" />
    <ClCompile Include="Source\Core\ECS\Systems\Rendering\DebugRenderer.cpp" />
    <ClCompile Include="Source\Core\ECS\Systems\Rendering\RenderSystem.cpp" />
    <ClCompile Include="Source\Core\ECS\Systems\Rendering\VoxelBaker.cpp" />
    <ClCompile Include="Source\Core\ECS\Systems\ScriptSystem.cpp" />
    <ClCompile Include="Source\Core\ECS\World.cpp" />
    <ClCompile Include="Source\Core\ECS\WorldManager.cpp" />
    <ClCompile Include="Source\Core\JsonSerializer.cpp" />
    <ClCompile Include="Source\Core\LoggingSystem\LoggingSystem.cpp" />
    <ClCompile Include="Source\Core\Memory\Allocators\BaseAlloc.cpp" />
    <ClCompile Include="Source\Core\Memory\Allocators\FreeListAlloc.cpp" />
    <ClCompile Include="Source\Core\Memory\Allocators\LinearAlloc.cpp" />
    <ClCompile Include="Source\Core\Memory\Allocators\PoolAlloc.cpp" />
    <ClCompile Include="Source\Core\Memory\Allocators\StackAlloc.cpp" />
    <ClCompile Include="Source\Core\Objects\TSubclass.cpp" />
    <ClCompile Include="Source\Core\Objects\VClass.cpp" />
    <ClCompile Include="Source\Core\Platform\Audio\AudioContext.cpp" />
    <ClCompile Include="Source\Core\Platform\Audio\FMODContext.cpp" />
    <ClCompile Include="Source\Core\Platform\Input\Temp\GamePadController.cpp" />
    <ClCompile Include="Source\Core\Platform\Input\Temp\InputBindingAction.cpp" />
    <ClCompile Include="Source\Core\Platform\Input\Temp\InputBindingAxis.cpp" />
    <ClCompile Include="Source\Core\Platform\Input\Temp\InputBindingBase.cpp" />
    <ClCompile Include="Source\Core\Platform\Input\Temp\InputBindingHandlerInterface.cpp" />
    <ClCompile Include="Source\Core\Platform\Input\Temp\InputBindingMap.cpp" />
    <ClCompile Include="Source\Core\Platform\Input\Temp\InputBindingMapInterface.cpp" />
    <ClCompile Include="Source\Core\Platform\Input\Temp\InputContextNew.cpp" />
    <ClCompile Include="Source\Core\Platform\Input\Temp\InputController.cpp" />
    <ClCompile Include="Source\Core\Platform\Input\Temp\KeyboardController.cpp" />
    <ClCompile Include="Source\Core\Platform\Input\Temp\KeyboardControllerInterface.cpp" />
    <ClCompile Include="Source\Core\Platform\Input\Temp\MouseController.cpp" />
    <ClCompile Include="Source\Core\Platform\Input\Temp\MouseControllerInterface.cpp" />
    <ClCompile Include="Source\Core\Platform\Input\Temp\PlayerController.cpp" />
    <ClCompile Include="Source\Core\Platform\Rendering\DX12\DXComputePass.cpp" />
    <ClCompile Include="Source\Core\Platform\Rendering\Managers\IDManager.cpp" />
    <ClCompile Include="Source\Core\Platform\Rendering\Managers\ModelManager.cpp" />
    <ClCompile Include="Source\Core\Platform\Platform.cpp" />
    <ClCompile Include="Source\Core\Platform\Rendering\CommandEngine.cpp" />
    <ClCompile Include="Source\Core\Platform\Rendering\Objects\Buffer.cpp" />
    <ClCompile Include="Source\Core\Platform\Rendering\Passes\DebugPass.cpp" />
    <ClCompile Include="Source\Core\Platform\Rendering\Passes\ParticlePass.cpp" />
    <ClCompile Include="Source\Core\Platform\Rendering\Passes\PostProcessingPass.cpp" />
    <ClCompile Include="Source\Core\Platform\Rendering\Passes\UIPass.cpp" />
    <ClCompile Include="Source\Core\Platform\Rendering\Passes\VoxelBakePass.cpp" />
    <ClCompile Include="Source\Core\Platform\Rendering\RenderContext.cpp" />
    <ClCompile Include="Source\Core\Platform\Input\InputContext.cpp" />
    <ClCompile Include="Source\Core\Platform\Rendering\Managers\TextureManager.cpp" />
    <ClCompile Include="Source\Core\PlayerPrefs\PlayerPrefs.cpp" />
    <ClCompile Include="Source\Core\Resources\Formats\ShaderReference.cpp" />
    <ClCompile Include="Source\Core\Resources\Formats\TextureReference.cpp" />
    <ClCompile Include="Source\Core\Resources\Formats\FMODSoundReference.cpp" />
    <ClCompile Include="Source\Core\Resources\ResourceManager.cpp" />
    <ClCompile Include="Source\Core\Resources\Formats\VoxModel.cpp" />
    <ClCompile Include="Source\Core\Settings.cpp" />
    <ClCompile Include="Source\Core\Threading\Job.cpp" />
    <ClCompile Include="Source\Core\Threading\JobManager.cpp" />
    <ClCompile Include="Source\Core\Threading\JobQueue.cpp" />
    <ClCompile Include="Source\Core\Threading\JobThread.cpp" />
    <ClCompile Include="Source\Core\Utils\Utils.cpp" />
    <ClCompile Include="Source\Editor\Configuration\BaseSettings.cpp" />
    <ClCompile Include="Source\Editor\Configuration\ConfigurationWindow.cpp" />
    <ClCompile Include="Source\Editor\Configuration\Editor\EditorConfigurationWindow.cpp" />
    <ClCompile Include="Source\Editor\Configuration\Project\ProjectConfigurationWindow.cpp" />
    <ClCompile Include="Source\Editor\imgui\ImguiSystem.cpp" />
    <ClCompile Include="Source\Editor\PropertyRenderer\TMap.cpp" />
    <ClCompile Include="Source\Editor\SnappingTool\SnappingTool.cpp" />
    <ClCompile Include="Source\Editor\UndoRedo\EditorComponentCommand.cpp" />
    <ClCompile Include="Source\Editor\UndoRedo\EditorPropertyCommand.cpp" />
    <ClCompile Include="Source\Editor\UndoRedo\EditorSelectedEntityCommand.cpp" />
    <ClCompile Include="Source\Editor\UndoRedo\EditorTransformMatrixCommand.cpp" />
    <ClCompile Include="Source\External\imgui\imgui_dropdown.cpp" />
    <ClCompile Include="Source\External\imgui\imgui_stdlib.cpp" />
    <ClCompile Include="Source\External\imgui\imgui_stl.cpp" />
    <ClCompile Include="Source\External\STB\image_DXT.c" />
    <ClCompile Include="Source\External\STB\image_helper.c" />
    <ClCompile Include="Source\External\STB\stb_image_aug.c" />
    <ClCompile Include="Source\Editor\Configuration\Project\ProjectSettings.cpp" />
    <ClCompile Include="Source\External\imgui\imgui.cpp" />
    <ClCompile Include="Source\External\imgui\imgui_demo.cpp" />
    <ClCompile Include="Source\External\imgui\imgui_draw.cpp" />
    <ClCompile Include="Source\External\imgui\imgui_widgets.cpp" />
    <ClCompile Include="Source\pch.cpp" />
    <ClCompile Include="Source\Core\Platform\Window\WindowContext.cpp" />
    <ClCompile Include="Source\Core\ECS\Components\UI\UIComponent.cpp" />
    <ClCompile Include="Source\Core\ECS\Components\UI\UISlider.cpp" />
    <ClCompile Include="Source\Core\Platform\Rendering\DX12\Managers\DXModelManager.cpp" />
    <ClCompile Include="Source\Core\Platform\Rendering\DX12\Managers\DXHeapManager.cpp" />
    <ClCompile Include="Source\Core\Platform\Rendering\DX12\Managers\DXTextureManager.cpp" />
    <ClCompile Include="Source\Core\Platform\Rendering\DX12\Objects\DXView.cpp" />
    <ClCompile Include="Source\Core\Platform\Rendering\DX12\Objects\DXSampler.cpp" />
    <ClCompile Include="Source\Core\Platform\Rendering\GL\EGLRenderContext.cpp" />
    <ClCompile Include="Source\Core\Platform\Rendering\GL\GLRenderContext.cpp" />
    <ClCompile Include="Source\Core\Platform\Rendering\GL\WGLRenderContext.cpp" />
    <ClCompile Include="Source\Core\System\Windows\WINFileSystem.cpp" />
    <ClCompile Include="Source\Core\Platform\Rendering\DX12\DXCommandEngine.cpp" />
    <ClCompile Include="Source\Core\Platform\Rendering\DX12\DXRenderPass.cpp" />
    <ClCompile Include="Source\Core\Platform\Rendering\DX12\Objects\DXBuffer.cpp" />
    <ClCompile Include="Source\Core\Platform\Rendering\DX12\Objects\DXMapper.cpp" />
    <ClCompile Include="Source\Core\Platform\Rendering\DX12\Objects\DXShader.cpp" />
    <ClCompile Include="Source\Core\FileBrowser.cpp" />
    <ClCompile Include="Source\External\glad\glad.c" />
    <ClCompile Include="Source\External\imguizmo\ImGuizmo.cpp" />
    <ClCompile Include="Source\External\imguizmo\ImSequencer.cpp" />
    <ClCompile Include="Source\Core\Platform\Time\Windows\WINGameTimer.cpp" />
    <ClCompile Include="Source\Editor\ConsoleLog\ConsoleLog.cpp" />
    <ClCompile Include="Source\Editor\Editor.cpp" />
    <ClCompile Include="Source\Editor\EditorButton.cpp" />
    <ClCompile Include="Source\Editor\EditorCamera.cpp" />
    <ClCompile Include="Source\Editor\EditorReferenceManager.cpp" />
    <ClCompile Include="Source\Editor\EditorRenderMapper.cpp" />
    <ClCompile Include="Source\Editor\EditorWorld.cpp" />
    <ClCompile Include="Source\Editor\EntityHierarchy\EntityHierarchy.cpp" />
    <ClCompile Include="Source\Editor\EntityInspector\EntityInspector.cpp" />
    <ClCompile Include="Source\Editor\EntityWizard\EntityWizard.cpp" />
    <ClCompile Include="Source\Editor\imgui\Contexts\DXImContext.cpp" />
    <ClCompile Include="Source\Editor\imgui\Contexts\GLImContext.cpp" />
    <ClCompile Include="Source\Editor\imgui\Platforms\W32ImPlatform.cpp" />
    <ClCompile Include="Source\Editor\PropertyRenderer\PropertyRenderer.cpp" />
    <ClCompile Include="Source\Editor\UndoRedo\CommandManager.cpp" />
    <ClCompile Include="Source\Editor\UndoRedo\EditorEntityChildCommand.cpp" />
    <ClCompile Include="Source\Editor\UndoRedo\EditorEntityCommand.cpp" />
    <ClCompile Include="Source\Editor\UndoRedo\EditorFunctionCommand.cpp" />
    <ClCompile Include="Source\Editor\Configuration\Editor\UserSettings.cpp" />
    <ClCompile Include="Source\Editor\Window.cpp" />
    <ClCompile Include="Source\Core\Platform\Input\Windows\WINInputContext.cpp" />
    <ClCompile Include="Source\Core\Platform\Rendering\DX12\DX12RenderContext.cpp" />
    <ClCompile Include="Source\Core\Platform\Rendering\DX12\DXUploadBuffer.cpp" />
    <ClCompile Include="Source\Core\Platform\Window\Windows\WINWindowContext.cpp" />
    <ClCompile Include="Source\Core\Platform\Rendering\Passes\VoxelPass.cpp" />
    <ClCompile Include="Source\Core\ECS\Systems\Chunk\ChunkUpdateGroup.cpp" />
    <ClCompile Include="Source\Core\ECS\Components\AudioPlaylist.cpp" />
    <ClCompile Include="Source\Core\ECS\Components\Particles\Emitters\SphereEmitter.cpp" />
    <ClCompile Include="Source\Editor\Configuration\WorldCreateConfig.cpp" />
  </ItemGroup>
  <ItemGroup>
    <ClInclude Include="Source\Core\Application.h" />
    <ClInclude Include="Source\Core\ECS\Component.h" />
    <ClInclude Include="Source\Core\ECS\ComponentSystem.h" />
    <ClInclude Include="Source\Core\ECS\Components\AudioSource.h" />
    <ClInclude Include="Source\Core\ECS\Components\BehaviorScript.h" />
    <ClInclude Include="Source\Core\ECS\Components\BoxCollider.h" />
    <ClInclude Include="Source\Core\ECS\Components\ChunkViewer.h" />
    <ClInclude Include="Source\Core\ECS\Components\Collider.h" />
    <ClInclude Include="Source\Core\ECS\Components\InputHandler.h" />
    <ClInclude Include="Source\Core\ECS\Components\Particles\Emitters\BoxEmitter.h" />
    <ClInclude Include="Source\Core\ECS\Components\Particles\Emitters\VoxFrameEmitter.h" />
    <ClInclude Include="Source\Core\ECS\Components\Particles\Modules\AttractorModule.h" />
    <ClInclude Include="Source\Core\ECS\Components\Particles\Modules\BasicTimerModule.h" />
    <ClInclude Include="Source\Core\ECS\Components\Particles\Modules\CollisionModule.h" />
    <ClInclude Include="Source\Core\ECS\Components\Particles\ParticleEmitter.h" />
    <ClInclude Include="Source\Core\ECS\Components\Particles\ParticleModule.h" />
    <ClInclude Include="Source\Core\ECS\Components\Particles\ParticlePool.h" />
    <ClInclude Include="Source\Core\ECS\Components\Particles\ParticleSystem.h" />
    <ClInclude Include="Source\Core\ECS\Components\PhysicsBody.h" />
    <ClInclude Include="Source\Core\ECS\Components\SpriteRenderer.h" />
    <ClInclude Include="Source\Core\ECS\Components\TextRenderer.h" />
    <ClInclude Include="Source\Core\ECS\Components\Transform.h" />
    <ClInclude Include="Source\Core\ECS\Components\VoxAnimator.h" />
    <ClInclude Include="Source\Core\ECS\Components\VoxRenderer.h" />
    <ClInclude Include="Source\Core\ECS\Entities\Camera.h" />
    <ClInclude Include="Source\Core\ECS\Entities\UI\Canvas.h" />
    <ClInclude Include="Source\Core\ECS\Entities\ViewPoint.h" />
    <ClInclude Include="Source\Core\ECS\Entity.h" />
    <ClInclude Include="Source\Core\ECS\Object.h" />
    <ClInclude Include="Source\Core\ECS\Systems\AudioSystem.h" />
    <ClInclude Include="Source\Core\ECS\Systems\Chunk\Chunk.h" />
    <ClInclude Include="Source\Core\ECS\Systems\Chunk\ChunkSystem.h" />
    <ClInclude Include="Source\Core\ECS\Systems\Pathfinding\Grid\PathfindingChunk.h" />
    <ClInclude Include="Source\Core\ECS\Systems\Pathfinding\Grid\PathfindingChunkGrid.h" />
    <ClInclude Include="Source\Core\ECS\Systems\Pathfinding\Grid\PathfindingNode.h" />
    <ClInclude Include="Source\Core\ECS\Systems\Pathfinding\Grid\PathfindingObstacle.h" />
    <ClInclude Include="Source\Core\ECS\Systems\Pathfinding\Jobs\ChunkBuilderJob.h" />
    <ClInclude Include="Source\Core\ECS\Systems\Pathfinding\Navigation\ContinuumCrowdsGroup.h" />
    <ClInclude Include="Source\Core\ECS\Systems\Pathfinding\Navigation\Pathfinder.h" />
    <ClInclude Include="Source\Core\ECS\Systems\Pathfinding\Navigation\PathfinderGoal.h" />
    <ClInclude Include="Source\Core\ECS\Systems\Pathfinding\Navigation\PathfinderGroup.h" />
    <ClInclude Include="Source\Core\ECS\Systems\Physics\Box.h" />
    <ClInclude Include="Source\Core\ECS\Systems\Physics\HitResult.h" />
    <ClInclude Include="Source\Core\ECS\Systems\Physics\IntegrityJob.h" />
    <ClInclude Include="Source\Core\ECS\Systems\Physics\Manifold.h" />
    <ClInclude Include="Source\Core\ECS\Systems\Physics\ParticleLinkedList.h" />
    <ClInclude Include="Source\Core\ECS\Systems\Physics\PhysicsSystem.h" />
    <ClInclude Include="Source\Core\ECS\Systems\Physics\Sphere.h" />
    <ClInclude Include="Source\Core\ECS\Systems\Physics\VoxelGrid.h" />
    <ClInclude Include="Source\Core\ECS\Systems\Rendering\Buffers\Structures\StructuredVoxelBuffer.h" />
    <ClInclude Include="Source\Core\ECS\Systems\Rendering\DebugRenderer.h" />
    <ClInclude Include="Source\Core\ECS\Systems\Rendering\RenderSystem.h" />
    <ClInclude Include="Source\Core\ECS\Systems\Rendering\VoxelBaker.h" />
    <ClInclude Include="Source\Core\ECS\Systems\ScriptSystem.h" />
    <ClInclude Include="Source\Core\ECS\World.h" />
    <ClInclude Include="Source\Core\ECS\WorldManager.h" />
    <ClInclude Include="Source\Core\Event.h" />
    <ClInclude Include="Source\Core\GameTimer.h" />
    <ClInclude Include="Source\Core\Math.h" />
    <ClInclude Include="Source\Core\Memory\Allocators\BaseAlloc.h" />
    <ClInclude Include="Source\Core\Memory\Allocators\FreeListAlloc.h" />
    <ClInclude Include="Source\Core\Memory\Allocators\LinearAlloc.h" />
    <ClInclude Include="Source\Core\Memory\Allocators\PoolAlloc.h" />
    <ClInclude Include="Source\Core\Memory\Allocators\StackAlloc.h" />
    <ClInclude Include="Source\Core\Memory\Containers.h" />
    <ClInclude Include="Source\Core\MetaData\PropertyTypeMetaData.h" />
    <ClInclude Include="Source\Core\Objects\TSubclass.h" />
    <ClInclude Include="Source\Core\Objects\VClass.h" />
    <ClInclude Include="Source\Core\Platform\Audio\AudioContext.h" />
    <ClInclude Include="Source\Core\Platform\Audio\FMODContext.h" />
    <ClInclude Include="Source\Core\Platform\Audio\SoundReference.h" />
    <ClInclude Include="Source\Core\Platform\Input\Temp\GamePadController.h" />
    <ClInclude Include="Source\Core\Platform\Input\Temp\GamePadControllerInterface.h" />
    <ClInclude Include="Source\Core\Platform\Input\Temp\InputBindingAction.h" />
    <ClInclude Include="Source\Core\Platform\Input\Temp\InputBindingAxis.h" />
    <ClInclude Include="Source\Core\Platform\Input\Temp\InputBindingAxisValue.h" />
    <ClInclude Include="Source\Core\Platform\Input\Temp\InputBindingBase.h" />
    <ClInclude Include="Source\Core\Platform\Input\Temp\InputBindingHandlerInterface.h" />
    <ClInclude Include="Source\Core\Platform\Input\Temp\InputBindingMap.h" />
    <ClInclude Include="Source\Core\Platform\Input\Temp\InputBindingMapInterface.h" />
    <ClInclude Include="Source\Core\Platform\Input\Temp\InputContextNew.h" />
    <ClInclude Include="Source\Core\Platform\Input\Temp\InputController.h" />
    <ClInclude Include="Source\Core\Platform\Input\Temp\InputKeyIdentifiers.h" />
    <ClInclude Include="Source\Core\Platform\Input\Temp\KeyboardController.h" />
    <ClInclude Include="Source\Core\Platform\Input\Temp\KeyboardControllerInterface.h" />
    <ClInclude Include="Source\Core\Platform\Input\Temp\MouseController.h" />
    <ClInclude Include="Source\Core\Platform\Input\Temp\MouseControllerInterface.h" />
    <ClInclude Include="Source\Core\Platform\Input\Temp\PlayerController.h" />
    <ClInclude Include="Source\Core\Platform\PlatformData.h" />
    <ClInclude Include="Source\Core\Platform\Rendering\CommandEngine.h" />
    <ClInclude Include="Source\Core\Platform\Rendering\CommandEngineInc.h" />
    <ClInclude Include="Source\Core\Platform\Rendering\ComputePass.h" />
    <ClInclude Include="Source\Core\Platform\Rendering\ComputePassInc.h" />
    <ClInclude Include="Source\Core\Platform\Rendering\DX12\DXComputePass.h" />
    <ClInclude Include="Source\Core\Platform\Rendering\Managers\ModelManager.h" />
    <ClInclude Include="Source\Core\Platform\Rendering\Managers\ModelManagerInc.h" />
    <ClInclude Include="Source\Core\Platform\Rendering\Managers\IDManager.h" />
    <ClInclude Include="Source\Core\Platform\Rendering\Objects\Buffer.h" />
    <ClInclude Include="Source\Core\Platform\Rendering\Objects\Mapper.h" />
    <ClInclude Include="Source\Core\Platform\Rendering\Objects\Sampler.h" />
    <ClInclude Include="Source\Core\Platform\Rendering\Objects\Shader.h" />
    <ClInclude Include="Source\Core\Platform\Rendering\Objects\View.h" />
    <ClInclude Include="Source\Core\Platform\Rendering\Passes\DebugPass.h" />
    <ClInclude Include="Source\Core\Platform\Rendering\Passes\ParticlePass.h" />
    <ClInclude Include="Source\Core\Platform\Rendering\Passes\PostProcessingPass.h" />
    <ClInclude Include="Source\Core\Platform\Rendering\Passes\UIPass.h" />
    <ClInclude Include="Source\Core\Platform\Rendering\Passes\VoxelBakePass.h" />
    <ClInclude Include="Source\Core\Platform\Rendering\RenderAlignment.h" />
    <ClInclude Include="Source\Core\Platform\Rendering\RenderContextInc.h" />
    <ClInclude Include="Source\Core\Platform\Rendering\RenderDefines.h" />
    <ClInclude Include="Source\Core\Platform\Rendering\RenderPassInc.h" />
    <ClInclude Include="Source\Core\Platform\Rendering\RenderPass.h" />
    <ClInclude Include="Source\Core\Platform\Rendering\Managers\TextureManager.h" />
    <ClInclude Include="Source\Core\Platform\Rendering\Managers\TextureManagerInc.h" />
    <ClInclude Include="Source\Core\PlayerPrefs\PlayerPrefs.h" />
    <ClInclude Include="Source\Core\System\FileSystem.h" />
    <ClInclude Include="Source\Core\System\Windows\WINFileSystem.h" />
    <ClInclude Include="Source\Core\Resources\Formats\ShaderReference.h" />
    <ClInclude Include="Source\Core\Resources\Formats\TextureReference.h" />
    <ClInclude Include="Source\Core\Resources\Formats\FMODSoundReference.h" />
    <ClInclude Include="Source\Core\Resources\Formats\SoundReference.h" />
    <ClInclude Include="Source\Core\Threading\GenericJob.h" />
    <ClInclude Include="Source\Core\Threading\Job.h" />
    <ClInclude Include="Source\Core\Threading\JobManager.h" />
    <ClInclude Include="Source\Core\JsonSerializer.h" />
    <ClInclude Include="Source\Core\LoggingSystem\LogEvent.h" />
    <ClInclude Include="Source\Core\LoggingSystem\LoggingSystem.h" />
    <ClInclude Include="Source\Core\LoggingSystem\LogLevel.h" />
    <ClInclude Include="Source\Core\Platform\Input\InputContext.h" />
    <ClInclude Include="Source\Core\Platform\Platform.h" />
    <ClInclude Include="Source\Core\ECS\Systems\Rendering\Buffers\RenderBuffer.h" />
    <ClInclude Include="Source\Core\ECS\Systems\Rendering\Buffers\Constants\ConstantVoxelBuffer.h" />
    <ClInclude Include="Source\Core\ECS\Systems\Rendering\Buffers\RenderData.h" />
    <ClInclude Include="Source\Core\Resources\FileLoader.h" />
    <ClInclude Include="Source\Core\Resources\ReferenceManager.h" />
    <ClInclude Include="Source\Core\Resources\ReferenceObject.h" />
    <ClInclude Include="Source\Core\Platform\Rendering\RenderContext.h" />
    <ClInclude Include="Source\Core\Resources\ResourceManager.h" />
    <ClInclude Include="Source\Core\Resources\Formats\VoxModel.h" />
    <ClInclude Include="Source\Core\Settings.h" />
    <ClInclude Include="Source\Core\Platform\Window\WindowContext.h" />
    <ClInclude Include="Source\Core\Threading\JobQueue.h" />
    <ClInclude Include="Source\Core\Threading\JobThread.h" />
    <ClInclude Include="Source\Core\Time.h" />
    <ClInclude Include="Source\Core\TSubclass.h" />
    <ClInclude Include="Source\Core\Utils.h" />
    <ClInclude Include="Source\Core\Utils\DateTime.h" />
    <ClInclude Include="Source\Core\Utils\Utils.h" />
    <ClInclude Include="Source\Core\VColors.h" />
    <ClInclude Include="Source\Editor\Configuration\BaseSettings.h" />
    <ClInclude Include="Source\Editor\Configuration\ConfigurationWindow.h" />
    <ClInclude Include="Source\Editor\Configuration\Editor\EditorConfigurationWindow.h" />
    <ClInclude Include="Source\Editor\Configuration\Project\ProjectConfigurationWindow.h" />
    <ClInclude Include="Source\Editor\imgui\Dropdown\UIDropdownList.h" />
    <ClInclude Include="Source\Editor\imgui\ImElement.h" />
    <ClInclude Include="Source\Editor\imgui\List\ImList.h" />
    <ClInclude Include="Source\Editor\imgui\UIElement.h" />
    <ClInclude Include="Source\Editor\PropertyRenderer\TMap.h" />
    <ClInclude Include="Source\Editor\SnappingTool\SnappingTool.h" />
    <ClInclude Include="Source\Editor\UndoRedo\EditorComponentCommand.h" />
    <ClInclude Include="Source\Editor\UndoRedo\EditorPropertyCommand.h" />
    <ClInclude Include="Source\Editor\UndoRedo\EditorSelectedEntityCommand.h" />
    <ClInclude Include="Source\Editor\UndoRedo\EditorTransformMatrixCommand.h" />
    <ClInclude Include="Source\External\FMOD\fmod.h" />
    <ClInclude Include="Source\External\FMOD\fmod.hpp" />
    <ClInclude Include="Source\External\FMOD\fmod_codec.h" />
    <ClInclude Include="Source\External\FMOD\fmod_common.h" />
    <ClInclude Include="Source\External\FMOD\fmod_dsp.h" />
    <ClInclude Include="Source\External\FMOD\fmod_dsp_effects.h" />
    <ClInclude Include="Source\External\FMOD\fmod_errors.h" />
    <ClInclude Include="Source\External\FMOD\fmod_output.h" />
    <ClInclude Include="Source\External\imgui\imgui_dropdown.h" />
    <ClInclude Include="Source\External\imgui\imgui_stdlib.h" />
    <ClInclude Include="Source\External\imgui\imgui_stl.h" />
    <ClInclude Include="Source\External\nativefiledialog\nfd.h" />
    <ClInclude Include="Source\External\rttr\access_levels.h" />
    <ClInclude Include="Source\External\rttr\argument.h" />
    <ClInclude Include="Source\External\rttr\array_range.h" />
    <ClInclude Include="Source\External\rttr\associative_mapper.h" />
    <ClInclude Include="Source\External\rttr\constructor.h" />
    <ClInclude Include="Source\External\rttr\destructor.h" />
    <ClInclude Include="Source\External\rttr\detail\base\core_prerequisites.h" />
    <ClInclude Include="Source\External\rttr\detail\base\version.h" />
    <ClInclude Include="Source\External\rttr\detail\comparison\comparable_types.h" />
    <ClInclude Include="Source\External\rttr\detail\comparison\compare_array_equal.h" />
    <ClInclude Include="Source\External\rttr\detail\comparison\compare_array_equal_impl.h" />
    <ClInclude Include="Source\External\rttr\detail\comparison\compare_array_less.h" />
    <ClInclude Include="Source\External\rttr\detail\comparison\compare_array_less_impl.h" />
    <ClInclude Include="Source\External\rttr\detail\comparison\compare_equal.h" />
    <ClInclude Include="Source\External\rttr\detail\comparison\compare_equal_impl.h" />
    <ClInclude Include="Source\External\rttr\detail\comparison\compare_less.h" />
    <ClInclude Include="Source\External\rttr\detail\comparison\compare_less_impl.h" />
    <ClInclude Include="Source\External\rttr\detail\constructor\constructor_invoker.h" />
    <ClInclude Include="Source\External\rttr\detail\constructor\constructor_wrapper.h" />
    <ClInclude Include="Source\External\rttr\detail\constructor\constructor_wrapper_base.h" />
    <ClInclude Include="Source\External\rttr\detail\constructor\constructor_wrapper_defaults.h" />
    <ClInclude Include="Source\External\rttr\detail\conversion\number_conversion.h" />
    <ClInclude Include="Source\External\rttr\detail\conversion\std_conversion_functions.h" />
    <ClInclude Include="Source\External\rttr\detail\default_arguments\default_arguments.h" />
    <ClInclude Include="Source\External\rttr\detail\default_arguments\invoke_with_defaults.h" />
    <ClInclude Include="Source\External\rttr\detail\destructor\destructor_wrapper.h" />
    <ClInclude Include="Source\External\rttr\detail\destructor\destructor_wrapper_base.h" />
    <ClInclude Include="Source\External\rttr\detail\enumeration\enumeration_helper.h" />
    <ClInclude Include="Source\External\rttr\detail\enumeration\enumeration_wrapper.h" />
    <ClInclude Include="Source\External\rttr\detail\enumeration\enumeration_wrapper_base.h" />
    <ClInclude Include="Source\External\rttr\detail\enumeration\enum_data.h" />
    <ClInclude Include="Source\External\rttr\detail\filter\filter_item_funcs.h" />
    <ClInclude Include="Source\External\rttr\detail\impl\argument_impl.h" />
    <ClInclude Include="Source\External\rttr\detail\impl\array_range_impl.h" />
    <ClInclude Include="Source\External\rttr\detail\impl\associative_mapper_impl.h" />
    <ClInclude Include="Source\External\rttr\detail\impl\enum_flags_impl.h" />
    <ClInclude Include="Source\External\rttr\detail\impl\instance_impl.h" />
    <ClInclude Include="Source\External\rttr\detail\impl\rttr_cast_impl.h" />
    <ClInclude Include="Source\External\rttr\detail\impl\sequential_mapper_impl.h" />
    <ClInclude Include="Source\External\rttr\detail\impl\string_view_impl.h" />
    <ClInclude Include="Source\External\rttr\detail\impl\wrapper_mapper_impl.h" />
    <ClInclude Include="Source\External\rttr\detail\metadata\metadata.h" />
    <ClInclude Include="Source\External\rttr\detail\metadata\metadata_handler.h" />
    <ClInclude Include="Source\External\rttr\detail\method\method_accessor.h" />
    <ClInclude Include="Source\External\rttr\detail\method\method_invoker.h" />
    <ClInclude Include="Source\External\rttr\detail\method\method_wrapper.h" />
    <ClInclude Include="Source\External\rttr\detail\method\method_wrapper_base.h" />
    <ClInclude Include="Source\External\rttr\detail\misc\argument_extractor.h" />
    <ClInclude Include="Source\External\rttr\detail\misc\argument_wrapper.h" />
    <ClInclude Include="Source\External\rttr\detail\misc\class_item_mapper.h" />
    <ClInclude Include="Source\External\rttr\detail\misc\data_address_container.h" />
    <ClInclude Include="Source\External\rttr\detail\misc\flat_map.h" />
    <ClInclude Include="Source\External\rttr\detail\misc\flat_multimap.h" />
    <ClInclude Include="Source\External\rttr\detail\misc\function_traits.h" />
    <ClInclude Include="Source\External\rttr\detail\misc\iterator_wrapper.h" />
    <ClInclude Include="Source\External\rttr\detail\misc\misc_type_traits.h" />
    <ClInclude Include="Source\External\rttr\detail\misc\register_wrapper_mapper_conversion.h" />
    <ClInclude Include="Source\External\rttr\detail\misc\sequential_container_type_traits.h" />
    <ClInclude Include="Source\External\rttr\detail\misc\std_type_traits.h" />
    <ClInclude Include="Source\External\rttr\detail\misc\template_type_trait.h" />
    <ClInclude Include="Source\External\rttr\detail\misc\template_type_trait_impl.h" />
    <ClInclude Include="Source\External\rttr\detail\misc\utility.h" />
    <ClInclude Include="Source\External\rttr\detail\parameter_info\parameter_infos.h" />
    <ClInclude Include="Source\External\rttr\detail\parameter_info\parameter_infos_compare.h" />
    <ClInclude Include="Source\External\rttr\detail\parameter_info\parameter_info_wrapper.h" />
    <ClInclude Include="Source\External\rttr\detail\parameter_info\parameter_info_wrapper_base.h" />
    <ClInclude Include="Source\External\rttr\detail\parameter_info\parameter_names.h" />
    <ClInclude Include="Source\External\rttr\detail\policies\ctor_policies.h" />
    <ClInclude Include="Source\External\rttr\detail\policies\meth_policies.h" />
    <ClInclude Include="Source\External\rttr\detail\policies\prop_policies.h" />
    <ClInclude Include="Source\External\rttr\detail\property\property_accessor.h" />
    <ClInclude Include="Source\External\rttr\detail\property\property_wrapper.h" />
    <ClInclude Include="Source\External\rttr\detail\property\property_wrapper_base.h" />
    <ClInclude Include="Source\External\rttr\detail\property\property_wrapper_func.h" />
    <ClInclude Include="Source\External\rttr\detail\property\property_wrapper_member_func.h" />
    <ClInclude Include="Source\External\rttr\detail\property\property_wrapper_member_object.h" />
    <ClInclude Include="Source\External\rttr\detail\property\property_wrapper_object.h" />
    <ClInclude Include="Source\External\rttr\detail\registration\bind_impl.h" />
    <ClInclude Include="Source\External\rttr\detail\registration\bind_types.h" />
    <ClInclude Include="Source\External\rttr\detail\registration\register_base_class_from_accessor.h" />
    <ClInclude Include="Source\External\rttr\detail\registration\registration_executer.h" />
    <ClInclude Include="Source\External\rttr\detail\registration\registration_impl.h" />
    <ClInclude Include="Source\External\rttr\detail\registration\registration_manager.h" />
    <ClInclude Include="Source\External\rttr\detail\registration\registration_state_saver.h" />
    <ClInclude Include="Source\External\rttr\detail\type\accessor_type.h" />
    <ClInclude Include="Source\External\rttr\detail\type\base_classes.h" />
    <ClInclude Include="Source\External\rttr\detail\type\get_create_variant_func.h" />
    <ClInclude Include="Source\External\rttr\detail\type\get_derived_info_func.h" />
    <ClInclude Include="Source\External\rttr\detail\type\type_comparator.h" />
    <ClInclude Include="Source\External\rttr\detail\type\type_converter.h" />
    <ClInclude Include="Source\External\rttr\detail\type\type_data.h" />
    <ClInclude Include="Source\External\rttr\detail\type\type_impl.h" />
    <ClInclude Include="Source\External\rttr\detail\type\type_name.h" />
    <ClInclude Include="Source\External\rttr\detail\type\type_register.h" />
    <ClInclude Include="Source\External\rttr\detail\type\type_string_utils.h" />
    <ClInclude Include="Source\External\rttr\detail\variant\variant_compare.h" />
    <ClInclude Include="Source\External\rttr\detail\variant\variant_data.h" />
    <ClInclude Include="Source\External\rttr\detail\variant\variant_data_converter.h" />
    <ClInclude Include="Source\External\rttr\detail\variant\variant_data_policy.h" />
    <ClInclude Include="Source\External\rttr\detail\variant\variant_impl.h" />
    <ClInclude Include="Source\External\rttr\detail\variant_associative_view\variant_associative_view_creator.h" />
    <ClInclude Include="Source\External\rttr\detail\variant_associative_view\variant_associative_view_creator_impl.h" />
    <ClInclude Include="Source\External\rttr\detail\variant_associative_view\variant_associative_view_private.h" />
    <ClInclude Include="Source\External\rttr\detail\variant_sequential_view\variant_sequential_view_creator.h" />
    <ClInclude Include="Source\External\rttr\detail\variant_sequential_view\variant_sequential_view_creator_impl.h" />
    <ClInclude Include="Source\External\rttr\detail\variant_sequential_view\variant_sequential_view_private.h" />
    <ClInclude Include="Source\External\rttr\enumeration.h" />
    <ClInclude Include="Source\External\rttr\enum_flags.h" />
    <ClInclude Include="Source\External\rttr\filter_item.h" />
    <ClInclude Include="Source\External\rttr\instance.h" />
    <ClInclude Include="Source\External\rttr\library.h" />
    <ClInclude Include="Source\External\rttr\method.h" />
    <ClInclude Include="Source\External\rttr\parameter_info.h" />
    <ClInclude Include="Source\External\rttr\policy.h" />
    <ClInclude Include="Source\External\rttr\property.h" />
    <ClInclude Include="Source\External\rttr\registration.h" />
    <ClInclude Include="Source\External\rttr\registration_friend.h" />
    <ClInclude Include="Source\External\rttr\rttr_cast.h" />
    <ClInclude Include="Source\External\rttr\rttr_enable.h" />
    <ClInclude Include="Source\External\rttr\sequential_mapper.h" />
    <ClInclude Include="Source\External\rttr\string_view.h" />
    <ClInclude Include="Source\External\rttr\type.h" />
    <ClInclude Include="Source\External\rttr\variant.h" />
    <ClInclude Include="Source\External\rttr\variant_associative_view.h" />
    <ClInclude Include="Source\External\rttr\variant_sequential_view.h" />
    <ClInclude Include="Source\External\rttr\wrapper_mapper.h" />
    <ClInclude Include="Source\External\teenypath\teenypath.h" />
    <ClInclude Include="Source\Editor\imgui\ImguiSystem.h" />
    <ClInclude Include="Source\pch.h" />
    <ClInclude Include="Source\Editor\Configuration\Project\ProjectSettings.h" />
    <ClInclude Include="Source\External\STB\image_DXT.h" />
    <ClInclude Include="Source\External\STB\image_helper.h" />
    <ClInclude Include="Source\External\STB\stbi_DDS_aug.h" />
    <ClInclude Include="Source\External\STB\stbi_DDS_aug_c.h" />
    <ClInclude Include="Source\External\STB\stb_image_aug.h" />
    <ClInclude Include="Source\Core\ECS\Components\UI\UIComponent.h" />
    <ClInclude Include="Source\Core\ECS\Components\UI\UIButton.h" />
    <ClInclude Include="Source\Core\ECS\Components\UI\UISlider.h" />
    <ClInclude Include="Source\Core\Platform\Rendering\DX12\Managers\DXModelManager.h" />
    <ClInclude Include="Source\Core\Platform\Rendering\DX12\Managers\DXHeapManager.h" />
    <ClInclude Include="Source\Core\Platform\Rendering\DX12\Managers\DXTextureManager.h" />
    <ClInclude Include="Source\Core\Platform\Rendering\DX12\DXRenderPass.h" />
    <ClInclude Include="Source\Core\Platform\Rendering\GL\EGLRenderContext.h" />
    <ClInclude Include="Source\Core\Platform\Rendering\GL\GLHelper.h" />
    <ClInclude Include="Source\Core\Platform\Rendering\GL\GLRenderContext.h" />
    <ClInclude Include="Source\Core\Platform\Rendering\GL\WGLRenderContext.h" />
    <ClInclude Include="Source\Core\Platform\Time\Windows\WINGameTimer.h" />
    <ClInclude Include="Source\Core\Platform\Input\Windows\WINInputContext.h" />
    <ClInclude Include="Source\Core\Platform\Rendering\DX12\DX12RenderContext.h" />
    <ClInclude Include="Source\Core\Platform\Rendering\DX12\DXCommandEngine.h" />
    <ClInclude Include="Source\Core\Platform\Rendering\DX12\DXUploadBuffer.h" />
    <ClInclude Include="Source\Core\Platform\Window\Windows\WINWindowContext.h" />
    <ClInclude Include="Source\Core\FileBrowser.h" />
    <ClInclude Include="Source\External\EGL\egl.h" />
    <ClInclude Include="Source\External\EGL\eglext.h" />
    <ClInclude Include="Source\External\EGL\eglplatform.h" />
    <ClInclude Include="Source\External\glad\glad.h" />
    <ClInclude Include="Source\External\GLES3\gl3.h" />
    <ClInclude Include="Source\External\GLES3\gl31.h" />
    <ClInclude Include="Source\External\GLES3\gl32.h" />
    <ClInclude Include="Source\External\GLES3\gl3platform.h" />
    <ClInclude Include="Source\External\KHR\khrplatform.h" />
    <ClInclude Include="Source\External\imguizmo\ImGuizmo.h" />
    <ClInclude Include="Source\External\imguizmo\ImSequencer.h" />
    <ClInclude Include="Source\External\imgui\imconfig.h" />
    <ClInclude Include="Source\External\imgui\imgui.h" />
    <ClInclude Include="Source\External\imgui\imgui_internal.h" />
    <ClInclude Include="Source\External\imgui\imstb_rectpack.h" />
    <ClInclude Include="Source\External\imgui\imstb_textedit.h" />
    <ClInclude Include="Source\External\imgui\imstb_truetype.h" />
    <ClInclude Include="Source\Core\Platform\Window\Windows\WndProc.h" />
    <ClInclude Include="Source\External\DirectXTK12\GamePad.h" />
    <ClInclude Include="Source\External\DirectXTK12\Keyboard.h" />
    <ClInclude Include="Source\External\DirectXTK12\Mouse.h" />
    <ClInclude Include="Source\External\DirectX12\d3dx12.h" />
    <ClInclude Include="Source\Core\Platform\Rendering\DX12\DXHelper.h" />
    <ClInclude Include="Source\Editor\ConsoleLog\ConsoleLog.h" />
    <ClInclude Include="Source\Editor\ConsoleLog\LogLevelLayout.h" />
    <ClInclude Include="Source\Editor\Editor.h" />
    <ClInclude Include="Source\Editor\EditorButton.h" />
    <ClInclude Include="Source\Editor\EditorCamera.h" />
    <ClInclude Include="Source\Editor\EditorModus.h" />
    <ClInclude Include="Source\Editor\EditorReferenceManager.h" />
    <ClInclude Include="Source\Editor\EditorWorld.h" />
    <ClInclude Include="Source\Editor\EntityHierarchy\EntityHierarchy.h" />
    <ClInclude Include="Source\Editor\EntityInspector\EntityInspector.h" />
    <ClInclude Include="Source\Editor\EditorRenderMapper.h" />
    <ClInclude Include="Source\Editor\EntityWizard\EntityWizard.h" />
    <ClInclude Include="Source\Editor\imgui\Contexts\GLImContext.h" />
    <ClInclude Include="Source\Editor\imgui\Contexts\ImContext.h" />
    <ClInclude Include="Source\Editor\imgui\Contexts\DXImContext.h" />
    <ClInclude Include="Source\Editor\imgui\Platforms\ImPlatform.h" />
    <ClInclude Include="Source\Editor\imgui\Platforms\W32ImPlatform.h" />
    <ClInclude Include="Source\Editor\PropertyRenderer\PropertyRenderer.h" />
    <ClInclude Include="Source\Editor\PropertyRenderer\TransformMetaData.h" />
    <ClInclude Include="Source\Editor\UndoRedo\BaseCommand.h" />
    <ClInclude Include="Source\Editor\UndoRedo\CommandFunction.h" />
    <ClInclude Include="Source\Editor\UndoRedo\CommandManager.h" />
    <ClInclude Include="Source\Editor\UndoRedo\EditorEntityChildCommand.h" />
    <ClInclude Include="Source\Editor\UndoRedo\EditorEntityCommand.h" />
    <ClInclude Include="Source\Editor\UndoRedo\EditorFunctionCommand.h" />
    <ClInclude Include="Source\Editor\UndoRedo\EditorStateCommand.h" />
    <ClInclude Include="Source\Editor\UndoRedo\CommandFunctionWrapper.h" />
    <ClInclude Include="Source\Editor\Configuration\Editor\UserSettings.h" />
    <ClInclude Include="Source\Editor\Window.h" />
    <ClInclude Include="Source\Core\Platform\Rendering\Passes\VoxelPass.h" />
    <ClInclude Include="Source\Core\ECS\Systems\Chunk\ChunkUpdateGroup.h" />
    <ClInclude Include="Source\Core\ECS\Components\AudioPlaylist.h" />
    <ClInclude Include="Source\Core\Platform\Input\Temp\InputStateCallback.h" />
    <ClInclude Include="Source\Core\ECS\Components\Particles\Emitters\SphereEmitter.h" />
    <ClInclude Include="Source\Editor\Configuration\WorldCreateConfig.h" />
  </ItemGroup>
  <ItemGroup>
    <None Include="libEGL.dll" />
    <None Include="libGLESv2.dll" />
    <None Include="rttr_core.dll" />
    <None Include="rttr_core_d.dll" />
    <None Include="fmod64.dll" />
    <None Include="fmodL64.dll" />
    <None Include="Source\Editor\UndoRedo\CommandFunction.inl" />
    <None Include="Source\External\FMOD\fmod.cs" />
    <None Include="Source\External\FMOD\fmod_dsp.cs" />
    <None Include="Source\External\FMOD\fmod_errors.cs" />
    <None Include="Source\External\rttr\registration" />
    <None Include="Source\External\rttr\registration_friend" />
    <None Include="Source\External\rttr\type" />
  </ItemGroup>
  <ItemGroup>
    <Image Include="..\Game\Content\UI_Art\GameIcon.ico" />
  </ItemGroup>
</Project>